PODS:
  - BerryPlant (1.0.1)
  - SwiftRefreshKit (1.0.3):
    - BerryPlant

DEPENDENCIES:
  - SwiftRefreshKit (from `../`)

SPEC REPOS:
  https://github.com/cocoapods/specs.git:
    - BerryPlant

EXTERNAL SOURCES:
  SwiftRefreshKit:
    :path: "../"

SPEC CHECKSUMS:
  BerryPlant: b74a2f910b17b8ed24b2d113c56b8ffa468b3c56
  SwiftRefreshKit: e91d7e00480d1bdf37b2516354fd062c3a467177

PODFILE CHECKSUM: f7c35533b94b111b56a4465d7b90a8c2ae969315

COCOAPODS: 1.6.0.beta.2
