PODS:
  - BerryPlant (1.0.0)
  - RefreshKit (0.1.0):
    - BerryPlant

DEPENDENCIES:
  - RefreshKit (from `../`)

SPEC REPOS:
  https://github.com/cocoapods/specs.git:
    - BerryPlant

EXTERNAL SOURCES:
  RefreshKit:
    :path: "../"

SPEC CHECKSUMS:
  BerryPlant: 560e7b108f47e3358a8c9301f01cbedfdfc58501
  RefreshKit: 6d68cf0768cc297178ebcf7dde03be1396cb73fd

PODFILE CHECKSUM: 1d16a0d6f56c0093c131a103a31a869a7874cc3b

COCOAPODS: 1.6.0.beta.2
